
Microsoft Visual Studio Solution File, Format Version 12.00
# Visual Studio 2012
Project("{FAE04EC0-301F-11D3-BF4B-00C04F79EFBC}") = "InsightPreprocessor", "InsightPreprocessor.csproj", "{65AE52FE-D658-45DF-B71C-ABC6A2E5021B}"
EndProject
Global
	GlobalSection(SolutionConfigurationPlatforms) = preSolution
		Debug|Any CPU = Debug|Any CPU
		Release|Any CPU = Release|Any CPU
	EndGlobalSection
	GlobalSection(ProjectConfigurationPlatforms) = postSolution
		{65AE52FE-D658-45DF-B71C-ABC6A2E5021B}.Debug|Any CPU.ActiveCfg = Debug|Any CPU
		{65AE52FE-D658-45DF-B71C-ABC6A2E5021B}.Debug|Any CPU.Build.0 = Debug|Any CPU
		{65AE52FE-D658-45DF-B71C-ABC6A2E5021B}.Release|Any CPU.ActiveCfg = Release|Any CPU
		{65AE52FE-D658-45DF-B71C-ABC6A2E5021B}.Release|Any CPU.Build.0 = Release|Any CPU
	EndGlobalSection
	GlobalSection(SolutionProperties) = preSolution
		HideSolutionNode = FALSE
	EndGlobalSection
EndGlobal
